{
  "name": "csdnlite",
  "version": "1.0.0",
  "lockfileVersion": 1,
  "requires": true,
  "dependencies": {
    "rich-text-parser": {
      "version": "1.0.2",
      "resolved": "https://registry.npmjs.org/rich-text-parser/-/rich-text-parser-1.0.2.tgz",
      "integrity": "sha512-fv6Piuikqf0PCuFGfFMtfOdc9fWE/HoSxi4gkDawco/NDKHfR6W5t1/t7Lh0pySf3GkV/rVcgAp/LKx8ZMwjuw=="
    }
  }
}
